
Microsoft Visual Studio Solution File, Format Version 12.00
# Visual Studio 15
VisualStudioVersion = 15.0.28307.421
MinimumVisualStudioVersion = 10.0.40219.1
Project("{FAE04EC0-301F-11D3-BF4B-00C04F79EFBC}") = "gungi-cs", "gungi-cs\gungi-cs.csproj", "{FF35A883-CA47-4733-A9FC-ED876D041AB1}"
EndProject
Global
	GlobalSection(SolutionConfigurationPlatforms) = preSolution
		Debug|Any CPU = Debug|Any CPU
		Release|Any CPU = Release|Any CPU
	EndGlobalSection
	GlobalSection(ProjectConfigurationPlatforms) = postSolution
		{FF35A883-CA47-4733-A9FC-ED876D041AB1}.Debug|Any CPU.ActiveCfg = Debug|Any CPU
		{FF35A883-CA47-4733-A9FC-ED876D041AB1}.Debug|Any CPU.Build.0 = Debug|Any CPU
		{FF35A883-CA47-4733-A9FC-ED876D041AB1}.Release|Any CPU.ActiveCfg = Release|Any CPU
		{FF35A883-CA47-4733-A9FC-ED876D041AB1}.Release|Any CPU.Build.0 = Release|Any CPU
	EndGlobalSection
	GlobalSection(SolutionProperties) = preSolution
		HideSolutionNode = FALSE
	EndGlobalSection
	GlobalSection(ExtensibilityGlobals) = postSolution
		SolutionGuid = {7CC784A6-2625-4CEB-A0D1-F6986E043509}
	EndGlobalSection
EndGlobal
